Microsoft Visual Studio Solution File, Format Version 12.00
# Visual Studio Version 16
VisualStudioVersion = 16.0.0.0
MinimumVisualStudioVersion = 16.0.0.0
Project("{9A19103F-16F7-4668-BE54-9A1E7A4F7556}") = "MyBlog", "MyBlog\MyBlog.csproj", "{5AB9B04A-9B0B-4406-B54D-FDBBEC846564}"
EndProject
Project("{9A19103F-16F7-4668-BE54-9A1E7A4F7556}") = "MyBlog.Client", "MyBlog.Client\MyBlog.Client.csproj", "{8F4E9CC6-305C-4560-9478-07D00AF0C2A0}"
EndProject
Project("{FAE04EC0-301F-11D3-BF4B-00C04F79EFBC}") = "MyBlog.ServerComponentTests", "MyBlog.ServerComponentTests\MyBlog.ServerComponentTests.csproj", "{3E930007-2B95-495C-B81A-FA90A92FB669}"
EndProject
Project("{FAE04EC0-301F-11D3-BF4B-00C04F79EFBC}") = "MyBlog.ClientComponentTests", "MyBlog.ClientComponentTests\MyBlog.ClientComponentTests.csproj", "{2FF17C66-918B-4BFF-A52F-1660A11D80A1}"
EndProject
Project("{FAE04EC0-301F-11D3-BF4B-00C04F79EFBC}") = "MyBlog.SharedComponents", "MyBlog.SharedComponents\MyBlog.SharedComponents.csproj", "{42009CD7-CBD3-40CC-B2BD-D8C2FF0794FA}"
EndProject
Project("{FAE04EC0-301F-11D3-BF4B-00C04F79EFBC}") = "MyBlog.SharedComponentTests", "MyBlog.SharedComponentTests\MyBlog.SharedComponentTests.csproj", "{FDA97F50-07CB-438E-BF2B-BC1A5E907426}"
EndProject
Project("{FAE04EC0-301F-11D3-BF4B-00C04F79EFBC}") = "MyBlog.BusinessLogic", "MyBlog.BusinessLogic\MyBlog.BusinessLogic.csproj", "{F79610BA-DCCB-4102-964C-77963E44CCE3}"
EndProject
Project("{FAE04EC0-301F-11D3-BF4B-00C04F79EFBC}") = "MyBlog.UnitTests", "MyBlog.UnitTests\MyBlog.UnitTests.csproj", "{68BC53BD-68CD-4BD2-8371-252EAB043F4D}"
EndProject
Project("{FAE04EC0-301F-11D3-BF4B-00C04F79EFBC}") = "MyBlog.ConsoleProject", "MyBlog.ConsoleProject\MyBlog.ConsoleProject.csproj", "{B2DC3264-A067-4687-BDB3-96865EA071C4}"
EndProject
Project("{FAE04EC0-301F-11D3-BF4B-00C04F79EFBC}") = "MyBlog.AcceptanceTests", "MyBlog.AcceptanceTests\MyBlog.AcceptanceTests.csproj", "{2BE68B9B-E233-40A1-B37E-89574D9B79AA}"
EndProject
Global
	GlobalSection(SolutionConfigurationPlatforms) = preSolution
		Debug|Any CPU = Debug|Any CPU
		Debug|x64 = Debug|x64
		Debug|x86 = Debug|x86
		Release|Any CPU = Release|Any CPU
		Release|x64 = Release|x64
		Release|x86 = Release|x86
	EndGlobalSection
	GlobalSection(ProjectConfigurationPlatforms) = postSolution
		{8F4E9CC6-305C-4560-9478-07D00AF0C2A0}.Debug|Any CPU.ActiveCfg = Debug|Any CPU
		{8F4E9CC6-305C-4560-9478-07D00AF0C2A0}.Debug|Any CPU.Build.0 = Debug|Any CPU
		{8F4E9CC6-305C-4560-9478-07D00AF0C2A0}.Debug|x64.ActiveCfg = Debug|Any CPU
		{8F4E9CC6-305C-4560-9478-07D00AF0C2A0}.Debug|x64.Build.0 = Debug|Any CPU
		{8F4E9CC6-305C-4560-9478-07D00AF0C2A0}.Debug|x86.ActiveCfg = Debug|Any CPU
		{8F4E9CC6-305C-4560-9478-07D00AF0C2A0}.Debug|x86.Build.0 = Debug|Any CPU
		{8F4E9CC6-305C-4560-9478-07D00AF0C2A0}.Release|Any CPU.ActiveCfg = Release|Any CPU
		{8F4E9CC6-305C-4560-9478-07D00AF0C2A0}.Release|Any CPU.Build.0 = Release|Any CPU
		{8F4E9CC6-305C-4560-9478-07D00AF0C2A0}.Release|x64.ActiveCfg = Release|Any CPU
		{8F4E9CC6-305C-4560-9478-07D00AF0C2A0}.Release|x64.Build.0 = Release|Any CPU
		{8F4E9CC6-305C-4560-9478-07D00AF0C2A0}.Release|x86.ActiveCfg = Release|Any CPU
		{8F4E9CC6-305C-4560-9478-07D00AF0C2A0}.Release|x86.Build.0 = Release|Any CPU
		{5AB9B04A-9B0B-4406-B54D-FDBBEC846564}.Debug|Any CPU.ActiveCfg = Debug|Any CPU
		{5AB9B04A-9B0B-4406-B54D-FDBBEC846564}.Debug|Any CPU.Build.0 = Debug|Any CPU
		{5AB9B04A-9B0B-4406-B54D-FDBBEC846564}.Debug|x64.ActiveCfg = Debug|Any CPU
		{5AB9B04A-9B0B-4406-B54D-FDBBEC846564}.Debug|x64.Build.0 = Debug|Any CPU
		{5AB9B04A-9B0B-4406-B54D-FDBBEC846564}.Debug|x86.ActiveCfg = Debug|Any CPU
		{5AB9B04A-9B0B-4406-B54D-FDBBEC846564}.Debug|x86.Build.0 = Debug|Any CPU
		{5AB9B04A-9B0B-4406-B54D-FDBBEC846564}.Release|Any CPU.ActiveCfg = Release|Any CPU
		{5AB9B04A-9B0B-4406-B54D-FDBBEC846564}.Release|Any CPU.Build.0 = Release|Any CPU
		{5AB9B04A-9B0B-4406-B54D-FDBBEC846564}.Release|x64.ActiveCfg = Release|Any CPU
		{5AB9B04A-9B0B-4406-B54D-FDBBEC846564}.Release|x64.Build.0 = Release|Any CPU
		{5AB9B04A-9B0B-4406-B54D-FDBBEC846564}.Release|x86.ActiveCfg = Release|Any CPU
		{5AB9B04A-9B0B-4406-B54D-FDBBEC846564}.Release|x86.Build.0 = Release|Any CPU
		{3E930007-2B95-495C-B81A-FA90A92FB669}.Debug|Any CPU.ActiveCfg = Debug|Any CPU
		{3E930007-2B95-495C-B81A-FA90A92FB669}.Debug|Any CPU.Build.0 = Debug|Any CPU
		{3E930007-2B95-495C-B81A-FA90A92FB669}.Debug|x64.ActiveCfg = Debug|Any CPU
		{3E930007-2B95-495C-B81A-FA90A92FB669}.Debug|x64.Build.0 = Debug|Any CPU
		{3E930007-2B95-495C-B81A-FA90A92FB669}.Debug|x86.ActiveCfg = Debug|Any CPU
		{3E930007-2B95-495C-B81A-FA90A92FB669}.Debug|x86.Build.0 = Debug|Any CPU
		{3E930007-2B95-495C-B81A-FA90A92FB669}.Release|Any CPU.ActiveCfg = Release|Any CPU
		{3E930007-2B95-495C-B81A-FA90A92FB669}.Release|Any CPU.Build.0 = Release|Any CPU
		{3E930007-2B95-495C-B81A-FA90A92FB669}.Release|x64.ActiveCfg = Release|Any CPU
		{3E930007-2B95-495C-B81A-FA90A92FB669}.Release|x64.Build.0 = Release|Any CPU
		{3E930007-2B95-495C-B81A-FA90A92FB669}.Release|x86.ActiveCfg = Release|Any CPU
		{3E930007-2B95-495C-B81A-FA90A92FB669}.Release|x86.Build.0 = Release|Any CPU
		{2FF17C66-918B-4BFF-A52F-1660A11D80A1}.Debug|Any CPU.ActiveCfg = Debug|Any CPU
		{2FF17C66-918B-4BFF-A52F-1660A11D80A1}.Debug|Any CPU.Build.0 = Debug|Any CPU
		{2FF17C66-918B-4BFF-A52F-1660A11D80A1}.Debug|x64.ActiveCfg = Debug|Any CPU
		{2FF17C66-918B-4BFF-A52F-1660A11D80A1}.Debug|x64.Build.0 = Debug|Any CPU
		{2FF17C66-918B-4BFF-A52F-1660A11D80A1}.Debug|x86.ActiveCfg = Debug|Any CPU
		{2FF17C66-918B-4BFF-A52F-1660A11D80A1}.Debug|x86.Build.0 = Debug|Any CPU
		{2FF17C66-918B-4BFF-A52F-1660A11D80A1}.Release|Any CPU.ActiveCfg = Release|Any CPU
		{2FF17C66-918B-4BFF-A52F-1660A11D80A1}.Release|Any CPU.Build.0 = Release|Any CPU
		{2FF17C66-918B-4BFF-A52F-1660A11D80A1}.Release|x64.ActiveCfg = Release|Any CPU
		{2FF17C66-918B-4BFF-A52F-1660A11D80A1}.Release|x64.Build.0 = Release|Any CPU
		{2FF17C66-918B-4BFF-A52F-1660A11D80A1}.Release|x86.ActiveCfg = Release|Any CPU
		{2FF17C66-918B-4BFF-A52F-1660A11D80A1}.Release|x86.Build.0 = Release|Any CPU
		{42009CD7-CBD3-40CC-B2BD-D8C2FF0794FA}.Debug|Any CPU.ActiveCfg = Debug|Any CPU
		{42009CD7-CBD3-40CC-B2BD-D8C2FF0794FA}.Debug|Any CPU.Build.0 = Debug|Any CPU
		{42009CD7-CBD3-40CC-B2BD-D8C2FF0794FA}.Debug|x64.ActiveCfg = Debug|Any CPU
		{42009CD7-CBD3-40CC-B2BD-D8C2FF0794FA}.Debug|x64.Build.0 = Debug|Any CPU
		{42009CD7-CBD3-40CC-B2BD-D8C2FF0794FA}.Debug|x86.ActiveCfg = Debug|Any CPU
		{42009CD7-CBD3-40CC-B2BD-D8C2FF0794FA}.Debug|x86.Build.0 = Debug|Any CPU
		{42009CD7-CBD3-40CC-B2BD-D8C2FF0794FA}.Release|Any CPU.ActiveCfg = Release|Any CPU
		{42009CD7-CBD3-40CC-B2BD-D8C2FF0794FA}.Release|Any CPU.Build.0 = Release|Any CPU
		{42009CD7-CBD3-40CC-B2BD-D8C2FF0794FA}.Release|x64.ActiveCfg = Release|Any CPU
		{42009CD7-CBD3-40CC-B2BD-D8C2FF0794FA}.Release|x64.Build.0 = Release|Any CPU
		{42009CD7-CBD3-40CC-B2BD-D8C2FF0794FA}.Release|x86.ActiveCfg = Release|Any CPU
		{42009CD7-CBD3-40CC-B2BD-D8C2FF0794FA}.Release|x86.Build.0 = Release|Any CPU
		{FDA97F50-07CB-438E-BF2B-BC1A5E907426}.Debug|Any CPU.ActiveCfg = Debug|Any CPU
		{FDA97F50-07CB-438E-BF2B-BC1A5E907426}.Debug|Any CPU.Build.0 = Debug|Any CPU
		{FDA97F50-07CB-438E-BF2B-BC1A5E907426}.Debug|x64.ActiveCfg = Debug|Any CPU
		{FDA97F50-07CB-438E-BF2B-BC1A5E907426}.Debug|x64.Build.0 = Debug|Any CPU
		{FDA97F50-07CB-438E-BF2B-BC1A5E907426}.Debug|x86.ActiveCfg = Debug|Any CPU
		{FDA97F50-07CB-438E-BF2B-BC1A5E907426}.Debug|x86.Build.0 = Debug|Any CPU
		{FDA97F50-07CB-438E-BF2B-BC1A5E907426}.Release|Any CPU.ActiveCfg = Release|Any CPU
		{FDA97F50-07CB-438E-BF2B-BC1A5E907426}.Release|Any CPU.Build.0 = Release|Any CPU
		{FDA97F50-07CB-438E-BF2B-BC1A5E907426}.Release|x64.ActiveCfg = Release|Any CPU
		{FDA97F50-07CB-438E-BF2B-BC1A5E907426}.Release|x64.Build.0 = Release|Any CPU
		{FDA97F50-07CB-438E-BF2B-BC1A5E907426}.Release|x86.ActiveCfg = Release|Any CPU
		{FDA97F50-07CB-438E-BF2B-BC1A5E907426}.Release|x86.Build.0 = Release|Any CPU
		{F79610BA-DCCB-4102-964C-77963E44CCE3}.Debug|Any CPU.ActiveCfg = Debug|Any CPU
		{F79610BA-DCCB-4102-964C-77963E44CCE3}.Debug|Any CPU.Build.0 = Debug|Any CPU
		{F79610BA-DCCB-4102-964C-77963E44CCE3}.Debug|x64.ActiveCfg = Debug|Any CPU
		{F79610BA-DCCB-4102-964C-77963E44CCE3}.Debug|x64.Build.0 = Debug|Any CPU
		{F79610BA-DCCB-4102-964C-77963E44CCE3}.Debug|x86.ActiveCfg = Debug|Any CPU
		{F79610BA-DCCB-4102-964C-77963E44CCE3}.Debug|x86.Build.0 = Debug|Any CPU
		{F79610BA-DCCB-4102-964C-77963E44CCE3}.Release|Any CPU.ActiveCfg = Release|Any CPU
		{F79610BA-DCCB-4102-964C-77963E44CCE3}.Release|Any CPU.Build.0 = Release|Any CPU
		{F79610BA-DCCB-4102-964C-77963E44CCE3}.Release|x64.ActiveCfg = Release|Any CPU
		{F79610BA-DCCB-4102-964C-77963E44CCE3}.Release|x64.Build.0 = Release|Any CPU
		{F79610BA-DCCB-4102-964C-77963E44CCE3}.Release|x86.ActiveCfg = Release|Any CPU
		{F79610BA-DCCB-4102-964C-77963E44CCE3}.Release|x86.Build.0 = Release|Any CPU
		{68BC53BD-68CD-4BD2-8371-252EAB043F4D}.Debug|Any CPU.ActiveCfg = Debug|Any CPU
		{68BC53BD-68CD-4BD2-8371-252EAB043F4D}.Debug|Any CPU.Build.0 = Debug|Any CPU
		{68BC53BD-68CD-4BD2-8371-252EAB043F4D}.Debug|x64.ActiveCfg = Debug|Any CPU
		{68BC53BD-68CD-4BD2-8371-252EAB043F4D}.Debug|x64.Build.0 = Debug|Any CPU
		{68BC53BD-68CD-4BD2-8371-252EAB043F4D}.Debug|x86.ActiveCfg = Debug|Any CPU
		{68BC53BD-68CD-4BD2-8371-252EAB043F4D}.Debug|x86.Build.0 = Debug|Any CPU
		{68BC53BD-68CD-4BD2-8371-252EAB043F4D}.Release|Any CPU.ActiveCfg = Release|Any CPU
		{68BC53BD-68CD-4BD2-8371-252EAB043F4D}.Release|Any CPU.Build.0 = Release|Any CPU
		{68BC53BD-68CD-4BD2-8371-252EAB043F4D}.Release|x64.ActiveCfg = Release|Any CPU
		{68BC53BD-68CD-4BD2-8371-252EAB043F4D}.Release|x64.Build.0 = Release|Any CPU
		{68BC53BD-68CD-4BD2-8371-252EAB043F4D}.Release|x86.ActiveCfg = Release|Any CPU
		{68BC53BD-68CD-4BD2-8371-252EAB043F4D}.Release|x86.Build.0 = Release|Any CPU
		{B2DC3264-A067-4687-BDB3-96865EA071C4}.Debug|Any CPU.ActiveCfg = Debug|Any CPU
		{B2DC3264-A067-4687-BDB3-96865EA071C4}.Debug|Any CPU.Build.0 = Debug|Any CPU
		{B2DC3264-A067-4687-BDB3-96865EA071C4}.Debug|x64.ActiveCfg = Debug|Any CPU
		{B2DC3264-A067-4687-BDB3-96865EA071C4}.Debug|x64.Build.0 = Debug|Any CPU
		{B2DC3264-A067-4687-BDB3-96865EA071C4}.Debug|x86.ActiveCfg = Debug|Any CPU
		{B2DC3264-A067-4687-BDB3-96865EA071C4}.Debug|x86.Build.0 = Debug|Any CPU
		{B2DC3264-A067-4687-BDB3-96865EA071C4}.Release|Any CPU.ActiveCfg = Release|Any CPU
		{B2DC3264-A067-4687-BDB3-96865EA071C4}.Release|Any CPU.Build.0 = Release|Any CPU
		{B2DC3264-A067-4687-BDB3-96865EA071C4}.Release|x64.ActiveCfg = Release|Any CPU
		{B2DC3264-A067-4687-BDB3-96865EA071C4}.Release|x64.Build.0 = Release|Any CPU
		{B2DC3264-A067-4687-BDB3-96865EA071C4}.Release|x86.ActiveCfg = Release|Any CPU
		{B2DC3264-A067-4687-BDB3-96865EA071C4}.Release|x86.Build.0 = Release|Any CPU
		{2BE68B9B-E233-40A1-B37E-89574D9B79AA}.Debug|Any CPU.ActiveCfg = Debug|Any CPU
		{2BE68B9B-E233-40A1-B37E-89574D9B79AA}.Debug|Any CPU.Build.0 = Debug|Any CPU
		{2BE68B9B-E233-40A1-B37E-89574D9B79AA}.Debug|x64.ActiveCfg = Debug|Any CPU
		{2BE68B9B-E233-40A1-B37E-89574D9B79AA}.Debug|x64.Build.0 = Debug|Any CPU
		{2BE68B9B-E233-40A1-B37E-89574D9B79AA}.Debug|x86.ActiveCfg = Debug|Any CPU
		{2BE68B9B-E233-40A1-B37E-89574D9B79AA}.Debug|x86.Build.0 = Debug|Any CPU
		{2BE68B9B-E233-40A1-B37E-89574D9B79AA}.Release|Any CPU.ActiveCfg = Release|Any CPU
		{2BE68B9B-E233-40A1-B37E-89574D9B79AA}.Release|Any CPU.Build.0 = Release|Any CPU
		{2BE68B9B-E233-40A1-B37E-89574D9B79AA}.Release|x64.ActiveCfg = Release|Any CPU
		{2BE68B9B-E233-40A1-B37E-89574D9B79AA}.Release|x64.Build.0 = Release|Any CPU
		{2BE68B9B-E233-40A1-B37E-89574D9B79AA}.Release|x86.ActiveCfg = Release|Any CPU
		{2BE68B9B-E233-40A1-B37E-89574D9B79AA}.Release|x86.Build.0 = Release|Any CPU
	EndGlobalSection
	GlobalSection(SolutionProperties) = preSolution
		HideSolutionNode = FALSE
	EndGlobalSection
	GlobalSection(ExtensibilityGlobals) = postSolution
		SolutionGuid = {FDB488C4-AA60-4C0A-9DBE-D104BDF602C3}
	EndGlobalSection
EndGlobal
