Microsoft Visual Studio Solution File, Format Version 12.00
# Visual Studio Version 16
VisualStudioVersion = 16.0.0.0
MinimumVisualStudioVersion = 16.0.0.0
Project("{9A19103F-16F7-4668-BE54-9A1E7A4F7556}") = "MyBlog", "MyBlog\MyBlog.csproj", "{CCE3F997-0947-4A12-AF83-5C40C6A2A2AC}"
EndProject
Project("{9A19103F-16F7-4668-BE54-9A1E7A4F7556}") = "MyBlog.Client", "MyBlog.Client\MyBlog.Client.csproj", "{02628A77-E564-4382-9364-003B0C1A938A}"
EndProject
Global
	GlobalSection(SolutionConfigurationPlatforms) = preSolution
		Debug|Any CPU = Debug|Any CPU
		Debug|x64 = Debug|x64
		Debug|x86 = Debug|x86
		Release|Any CPU = Release|Any CPU
		Release|x64 = Release|x64
		Release|x86 = Release|x86
	EndGlobalSection
	GlobalSection(ProjectConfigurationPlatforms) = postSolution
		{02628A77-E564-4382-9364-003B0C1A938A}.Debug|Any CPU.ActiveCfg = Debug|Any CPU
		{02628A77-E564-4382-9364-003B0C1A938A}.Debug|Any CPU.Build.0 = Debug|Any CPU
		{02628A77-E564-4382-9364-003B0C1A938A}.Debug|x64.ActiveCfg = Debug|Any CPU
		{02628A77-E564-4382-9364-003B0C1A938A}.Debug|x64.Build.0 = Debug|Any CPU
		{02628A77-E564-4382-9364-003B0C1A938A}.Debug|x86.ActiveCfg = Debug|Any CPU
		{02628A77-E564-4382-9364-003B0C1A938A}.Debug|x86.Build.0 = Debug|Any CPU
		{02628A77-E564-4382-9364-003B0C1A938A}.Release|Any CPU.ActiveCfg = Release|Any CPU
		{02628A77-E564-4382-9364-003B0C1A938A}.Release|Any CPU.Build.0 = Release|Any CPU
		{02628A77-E564-4382-9364-003B0C1A938A}.Release|x64.ActiveCfg = Release|Any CPU
		{02628A77-E564-4382-9364-003B0C1A938A}.Release|x64.Build.0 = Release|Any CPU
		{02628A77-E564-4382-9364-003B0C1A938A}.Release|x86.ActiveCfg = Release|Any CPU
		{02628A77-E564-4382-9364-003B0C1A938A}.Release|x86.Build.0 = Release|Any CPU
		{CCE3F997-0947-4A12-AF83-5C40C6A2A2AC}.Debug|Any CPU.ActiveCfg = Debug|Any CPU
		{CCE3F997-0947-4A12-AF83-5C40C6A2A2AC}.Debug|Any CPU.Build.0 = Debug|Any CPU
		{CCE3F997-0947-4A12-AF83-5C40C6A2A2AC}.Debug|x64.ActiveCfg = Debug|Any CPU
		{CCE3F997-0947-4A12-AF83-5C40C6A2A2AC}.Debug|x64.Build.0 = Debug|Any CPU
		{CCE3F997-0947-4A12-AF83-5C40C6A2A2AC}.Debug|x86.ActiveCfg = Debug|Any CPU
		{CCE3F997-0947-4A12-AF83-5C40C6A2A2AC}.Debug|x86.Build.0 = Debug|Any CPU
		{CCE3F997-0947-4A12-AF83-5C40C6A2A2AC}.Release|Any CPU.ActiveCfg = Release|Any CPU
		{CCE3F997-0947-4A12-AF83-5C40C6A2A2AC}.Release|Any CPU.Build.0 = Release|Any CPU
		{CCE3F997-0947-4A12-AF83-5C40C6A2A2AC}.Release|x64.ActiveCfg = Release|Any CPU
		{CCE3F997-0947-4A12-AF83-5C40C6A2A2AC}.Release|x64.Build.0 = Release|Any CPU
		{CCE3F997-0947-4A12-AF83-5C40C6A2A2AC}.Release|x86.ActiveCfg = Release|Any CPU
		{CCE3F997-0947-4A12-AF83-5C40C6A2A2AC}.Release|x86.Build.0 = Release|Any CPU
	EndGlobalSection
	GlobalSection(SolutionProperties) = preSolution
		HideSolutionNode = FALSE
	EndGlobalSection
	GlobalSection(ExtensibilityGlobals) = postSolution
		SolutionGuid = {90D13FBE-A7B9-4F41-9A6B-8A55FF9FC155}
	EndGlobalSection
EndGlobal
