Microsoft Visual Studio Solution File, Format Version 12.00
# Visual Studio Version 16
VisualStudioVersion = 16.0.0.0
MinimumVisualStudioVersion = 16.0.0.0
Project("{9A19103F-16F7-4668-BE54-9A1E7A4F7556}") = "MyBlog", "MyBlog\MyBlog.csproj", "{881D569C-9F00-4C65-8196-51C28A7B3DB6}"
EndProject
Project("{9A19103F-16F7-4668-BE54-9A1E7A4F7556}") = "MyBlog.Client", "MyBlog.Client\MyBlog.Client.csproj", "{AC250A99-F204-4D57-B48F-23B3755C6D57}"
EndProject
Project("{FAE04EC0-301F-11D3-BF4B-00C04F79EFBC}") = "MyBlog.ServerComponentTests", "MyBlog.ServerComponentTests\MyBlog.ServerComponentTests.csproj", "{32872B01-0B99-4143-BBE7-BBB0134060CF}"
EndProject
Project("{FAE04EC0-301F-11D3-BF4B-00C04F79EFBC}") = "MyBlog.ClientComponentTests", "MyBlog.ClientComponentTests\MyBlog.ClientComponentTests.csproj", "{9868B9EC-589B-4946-9D54-7B62986A7715}"
EndProject
Project("{FAE04EC0-301F-11D3-BF4B-00C04F79EFBC}") = "MyBlog.SharedComponents", "MyBlog.SharedComponents\MyBlog.SharedComponents.csproj", "{8CD12ED3-EC68-4E2A-98D2-1F937E423BC3}"
EndProject
Project("{FAE04EC0-301F-11D3-BF4B-00C04F79EFBC}") = "MyBlog.SharedComponentTests", "MyBlog.SharedComponentTests\MyBlog.SharedComponentTests.csproj", "{3144083B-4BE3-40E5-9FCA-9CB87CC498EA}"
EndProject
Project("{FAE04EC0-301F-11D3-BF4B-00C04F79EFBC}") = "MyBlog.BusinessLogic", "MyBlog.BusinessLogic\MyBlog.BusinessLogic.csproj", "{62E7E183-1115-4333-929C-CEAD85092074}"
EndProject
Project("{FAE04EC0-301F-11D3-BF4B-00C04F79EFBC}") = "MyBlog.UnitTests", "MyBlog.UnitTests\MyBlog.UnitTests.csproj", "{A2915D19-EE31-4E9E-B484-3C7B930F0EE8}"
EndProject
Project("{FAE04EC0-301F-11D3-BF4B-00C04F79EFBC}") = "MyBlog.ConsoleProject", "MyBlog.ConsoleProject\MyBlog.ConsoleProject.csproj", "{4A47BDCF-61FC-46F1-85BC-77A973EBB89B}"
EndProject
Project("{FAE04EC0-301F-11D3-BF4B-00C04F79EFBC}") = "MyBlog.AcceptanceTests", "MyBlog.AcceptanceTests\MyBlog.AcceptanceTests.csproj", "{9E0B71B5-29C6-4607-8DD0-C0CEB9C2E4D6}"
EndProject
Global
	GlobalSection(SolutionConfigurationPlatforms) = preSolution
		Debug|Any CPU = Debug|Any CPU
		Debug|x64 = Debug|x64
		Debug|x86 = Debug|x86
		Release|Any CPU = Release|Any CPU
		Release|x64 = Release|x64
		Release|x86 = Release|x86
	EndGlobalSection
	GlobalSection(ProjectConfigurationPlatforms) = postSolution
		{AC250A99-F204-4D57-B48F-23B3755C6D57}.Debug|Any CPU.ActiveCfg = Debug|Any CPU
		{AC250A99-F204-4D57-B48F-23B3755C6D57}.Debug|Any CPU.Build.0 = Debug|Any CPU
		{AC250A99-F204-4D57-B48F-23B3755C6D57}.Debug|x64.ActiveCfg = Debug|Any CPU
		{AC250A99-F204-4D57-B48F-23B3755C6D57}.Debug|x64.Build.0 = Debug|Any CPU
		{AC250A99-F204-4D57-B48F-23B3755C6D57}.Debug|x86.ActiveCfg = Debug|Any CPU
		{AC250A99-F204-4D57-B48F-23B3755C6D57}.Debug|x86.Build.0 = Debug|Any CPU
		{AC250A99-F204-4D57-B48F-23B3755C6D57}.Release|Any CPU.ActiveCfg = Release|Any CPU
		{AC250A99-F204-4D57-B48F-23B3755C6D57}.Release|Any CPU.Build.0 = Release|Any CPU
		{AC250A99-F204-4D57-B48F-23B3755C6D57}.Release|x64.ActiveCfg = Release|Any CPU
		{AC250A99-F204-4D57-B48F-23B3755C6D57}.Release|x64.Build.0 = Release|Any CPU
		{AC250A99-F204-4D57-B48F-23B3755C6D57}.Release|x86.ActiveCfg = Release|Any CPU
		{AC250A99-F204-4D57-B48F-23B3755C6D57}.Release|x86.Build.0 = Release|Any CPU
		{881D569C-9F00-4C65-8196-51C28A7B3DB6}.Debug|Any CPU.ActiveCfg = Debug|Any CPU
		{881D569C-9F00-4C65-8196-51C28A7B3DB6}.Debug|Any CPU.Build.0 = Debug|Any CPU
		{881D569C-9F00-4C65-8196-51C28A7B3DB6}.Debug|x64.ActiveCfg = Debug|Any CPU
		{881D569C-9F00-4C65-8196-51C28A7B3DB6}.Debug|x64.Build.0 = Debug|Any CPU
		{881D569C-9F00-4C65-8196-51C28A7B3DB6}.Debug|x86.ActiveCfg = Debug|Any CPU
		{881D569C-9F00-4C65-8196-51C28A7B3DB6}.Debug|x86.Build.0 = Debug|Any CPU
		{881D569C-9F00-4C65-8196-51C28A7B3DB6}.Release|Any CPU.ActiveCfg = Release|Any CPU
		{881D569C-9F00-4C65-8196-51C28A7B3DB6}.Release|Any CPU.Build.0 = Release|Any CPU
		{881D569C-9F00-4C65-8196-51C28A7B3DB6}.Release|x64.ActiveCfg = Release|Any CPU
		{881D569C-9F00-4C65-8196-51C28A7B3DB6}.Release|x64.Build.0 = Release|Any CPU
		{881D569C-9F00-4C65-8196-51C28A7B3DB6}.Release|x86.ActiveCfg = Release|Any CPU
		{881D569C-9F00-4C65-8196-51C28A7B3DB6}.Release|x86.Build.0 = Release|Any CPU
		{32872B01-0B99-4143-BBE7-BBB0134060CF}.Debug|Any CPU.ActiveCfg = Debug|Any CPU
		{32872B01-0B99-4143-BBE7-BBB0134060CF}.Debug|Any CPU.Build.0 = Debug|Any CPU
		{32872B01-0B99-4143-BBE7-BBB0134060CF}.Debug|x64.ActiveCfg = Debug|Any CPU
		{32872B01-0B99-4143-BBE7-BBB0134060CF}.Debug|x64.Build.0 = Debug|Any CPU
		{32872B01-0B99-4143-BBE7-BBB0134060CF}.Debug|x86.ActiveCfg = Debug|Any CPU
		{32872B01-0B99-4143-BBE7-BBB0134060CF}.Debug|x86.Build.0 = Debug|Any CPU
		{32872B01-0B99-4143-BBE7-BBB0134060CF}.Release|Any CPU.ActiveCfg = Release|Any CPU
		{32872B01-0B99-4143-BBE7-BBB0134060CF}.Release|Any CPU.Build.0 = Release|Any CPU
		{32872B01-0B99-4143-BBE7-BBB0134060CF}.Release|x64.ActiveCfg = Release|Any CPU
		{32872B01-0B99-4143-BBE7-BBB0134060CF}.Release|x64.Build.0 = Release|Any CPU
		{32872B01-0B99-4143-BBE7-BBB0134060CF}.Release|x86.ActiveCfg = Release|Any CPU
		{32872B01-0B99-4143-BBE7-BBB0134060CF}.Release|x86.Build.0 = Release|Any CPU
		{9868B9EC-589B-4946-9D54-7B62986A7715}.Debug|Any CPU.ActiveCfg = Debug|Any CPU
		{9868B9EC-589B-4946-9D54-7B62986A7715}.Debug|Any CPU.Build.0 = Debug|Any CPU
		{9868B9EC-589B-4946-9D54-7B62986A7715}.Debug|x64.ActiveCfg = Debug|Any CPU
		{9868B9EC-589B-4946-9D54-7B62986A7715}.Debug|x64.Build.0 = Debug|Any CPU
		{9868B9EC-589B-4946-9D54-7B62986A7715}.Debug|x86.ActiveCfg = Debug|Any CPU
		{9868B9EC-589B-4946-9D54-7B62986A7715}.Debug|x86.Build.0 = Debug|Any CPU
		{9868B9EC-589B-4946-9D54-7B62986A7715}.Release|Any CPU.ActiveCfg = Release|Any CPU
		{9868B9EC-589B-4946-9D54-7B62986A7715}.Release|Any CPU.Build.0 = Release|Any CPU
		{9868B9EC-589B-4946-9D54-7B62986A7715}.Release|x64.ActiveCfg = Release|Any CPU
		{9868B9EC-589B-4946-9D54-7B62986A7715}.Release|x64.Build.0 = Release|Any CPU
		{9868B9EC-589B-4946-9D54-7B62986A7715}.Release|x86.ActiveCfg = Release|Any CPU
		{9868B9EC-589B-4946-9D54-7B62986A7715}.Release|x86.Build.0 = Release|Any CPU
		{8CD12ED3-EC68-4E2A-98D2-1F937E423BC3}.Debug|Any CPU.ActiveCfg = Debug|Any CPU
		{8CD12ED3-EC68-4E2A-98D2-1F937E423BC3}.Debug|Any CPU.Build.0 = Debug|Any CPU
		{8CD12ED3-EC68-4E2A-98D2-1F937E423BC3}.Debug|x64.ActiveCfg = Debug|Any CPU
		{8CD12ED3-EC68-4E2A-98D2-1F937E423BC3}.Debug|x64.Build.0 = Debug|Any CPU
		{8CD12ED3-EC68-4E2A-98D2-1F937E423BC3}.Debug|x86.ActiveCfg = Debug|Any CPU
		{8CD12ED3-EC68-4E2A-98D2-1F937E423BC3}.Debug|x86.Build.0 = Debug|Any CPU
		{8CD12ED3-EC68-4E2A-98D2-1F937E423BC3}.Release|Any CPU.ActiveCfg = Release|Any CPU
		{8CD12ED3-EC68-4E2A-98D2-1F937E423BC3}.Release|Any CPU.Build.0 = Release|Any CPU
		{8CD12ED3-EC68-4E2A-98D2-1F937E423BC3}.Release|x64.ActiveCfg = Release|Any CPU
		{8CD12ED3-EC68-4E2A-98D2-1F937E423BC3}.Release|x64.Build.0 = Release|Any CPU
		{8CD12ED3-EC68-4E2A-98D2-1F937E423BC3}.Release|x86.ActiveCfg = Release|Any CPU
		{8CD12ED3-EC68-4E2A-98D2-1F937E423BC3}.Release|x86.Build.0 = Release|Any CPU
		{3144083B-4BE3-40E5-9FCA-9CB87CC498EA}.Debug|Any CPU.ActiveCfg = Debug|Any CPU
		{3144083B-4BE3-40E5-9FCA-9CB87CC498EA}.Debug|Any CPU.Build.0 = Debug|Any CPU
		{3144083B-4BE3-40E5-9FCA-9CB87CC498EA}.Debug|x64.ActiveCfg = Debug|Any CPU
		{3144083B-4BE3-40E5-9FCA-9CB87CC498EA}.Debug|x64.Build.0 = Debug|Any CPU
		{3144083B-4BE3-40E5-9FCA-9CB87CC498EA}.Debug|x86.ActiveCfg = Debug|Any CPU
		{3144083B-4BE3-40E5-9FCA-9CB87CC498EA}.Debug|x86.Build.0 = Debug|Any CPU
		{3144083B-4BE3-40E5-9FCA-9CB87CC498EA}.Release|Any CPU.ActiveCfg = Release|Any CPU
		{3144083B-4BE3-40E5-9FCA-9CB87CC498EA}.Release|Any CPU.Build.0 = Release|Any CPU
		{3144083B-4BE3-40E5-9FCA-9CB87CC498EA}.Release|x64.ActiveCfg = Release|Any CPU
		{3144083B-4BE3-40E5-9FCA-9CB87CC498EA}.Release|x64.Build.0 = Release|Any CPU
		{3144083B-4BE3-40E5-9FCA-9CB87CC498EA}.Release|x86.ActiveCfg = Release|Any CPU
		{3144083B-4BE3-40E5-9FCA-9CB87CC498EA}.Release|x86.Build.0 = Release|Any CPU
		{62E7E183-1115-4333-929C-CEAD85092074}.Debug|Any CPU.ActiveCfg = Debug|Any CPU
		{62E7E183-1115-4333-929C-CEAD85092074}.Debug|Any CPU.Build.0 = Debug|Any CPU
		{62E7E183-1115-4333-929C-CEAD85092074}.Debug|x64.ActiveCfg = Debug|Any CPU
		{62E7E183-1115-4333-929C-CEAD85092074}.Debug|x64.Build.0 = Debug|Any CPU
		{62E7E183-1115-4333-929C-CEAD85092074}.Debug|x86.ActiveCfg = Debug|Any CPU
		{62E7E183-1115-4333-929C-CEAD85092074}.Debug|x86.Build.0 = Debug|Any CPU
		{62E7E183-1115-4333-929C-CEAD85092074}.Release|Any CPU.ActiveCfg = Release|Any CPU
		{62E7E183-1115-4333-929C-CEAD85092074}.Release|Any CPU.Build.0 = Release|Any CPU
		{62E7E183-1115-4333-929C-CEAD85092074}.Release|x64.ActiveCfg = Release|Any CPU
		{62E7E183-1115-4333-929C-CEAD85092074}.Release|x64.Build.0 = Release|Any CPU
		{62E7E183-1115-4333-929C-CEAD85092074}.Release|x86.ActiveCfg = Release|Any CPU
		{62E7E183-1115-4333-929C-CEAD85092074}.Release|x86.Build.0 = Release|Any CPU
		{A2915D19-EE31-4E9E-B484-3C7B930F0EE8}.Debug|Any CPU.ActiveCfg = Debug|Any CPU
		{A2915D19-EE31-4E9E-B484-3C7B930F0EE8}.Debug|Any CPU.Build.0 = Debug|Any CPU
		{A2915D19-EE31-4E9E-B484-3C7B930F0EE8}.Debug|x64.ActiveCfg = Debug|Any CPU
		{A2915D19-EE31-4E9E-B484-3C7B930F0EE8}.Debug|x64.Build.0 = Debug|Any CPU
		{A2915D19-EE31-4E9E-B484-3C7B930F0EE8}.Debug|x86.ActiveCfg = Debug|Any CPU
		{A2915D19-EE31-4E9E-B484-3C7B930F0EE8}.Debug|x86.Build.0 = Debug|Any CPU
		{A2915D19-EE31-4E9E-B484-3C7B930F0EE8}.Release|Any CPU.ActiveCfg = Release|Any CPU
		{A2915D19-EE31-4E9E-B484-3C7B930F0EE8}.Release|Any CPU.Build.0 = Release|Any CPU
		{A2915D19-EE31-4E9E-B484-3C7B930F0EE8}.Release|x64.ActiveCfg = Release|Any CPU
		{A2915D19-EE31-4E9E-B484-3C7B930F0EE8}.Release|x64.Build.0 = Release|Any CPU
		{A2915D19-EE31-4E9E-B484-3C7B930F0EE8}.Release|x86.ActiveCfg = Release|Any CPU
		{A2915D19-EE31-4E9E-B484-3C7B930F0EE8}.Release|x86.Build.0 = Release|Any CPU
		{4A47BDCF-61FC-46F1-85BC-77A973EBB89B}.Debug|Any CPU.ActiveCfg = Debug|Any CPU
		{4A47BDCF-61FC-46F1-85BC-77A973EBB89B}.Debug|Any CPU.Build.0 = Debug|Any CPU
		{4A47BDCF-61FC-46F1-85BC-77A973EBB89B}.Debug|x64.ActiveCfg = Debug|Any CPU
		{4A47BDCF-61FC-46F1-85BC-77A973EBB89B}.Debug|x64.Build.0 = Debug|Any CPU
		{4A47BDCF-61FC-46F1-85BC-77A973EBB89B}.Debug|x86.ActiveCfg = Debug|Any CPU
		{4A47BDCF-61FC-46F1-85BC-77A973EBB89B}.Debug|x86.Build.0 = Debug|Any CPU
		{4A47BDCF-61FC-46F1-85BC-77A973EBB89B}.Release|Any CPU.ActiveCfg = Release|Any CPU
		{4A47BDCF-61FC-46F1-85BC-77A973EBB89B}.Release|Any CPU.Build.0 = Release|Any CPU
		{4A47BDCF-61FC-46F1-85BC-77A973EBB89B}.Release|x64.ActiveCfg = Release|Any CPU
		{4A47BDCF-61FC-46F1-85BC-77A973EBB89B}.Release|x64.Build.0 = Release|Any CPU
		{4A47BDCF-61FC-46F1-85BC-77A973EBB89B}.Release|x86.ActiveCfg = Release|Any CPU
		{4A47BDCF-61FC-46F1-85BC-77A973EBB89B}.Release|x86.Build.0 = Release|Any CPU
		{9E0B71B5-29C6-4607-8DD0-C0CEB9C2E4D6}.Debug|Any CPU.ActiveCfg = Debug|Any CPU
		{9E0B71B5-29C6-4607-8DD0-C0CEB9C2E4D6}.Debug|Any CPU.Build.0 = Debug|Any CPU
		{9E0B71B5-29C6-4607-8DD0-C0CEB9C2E4D6}.Debug|x64.ActiveCfg = Debug|Any CPU
		{9E0B71B5-29C6-4607-8DD0-C0CEB9C2E4D6}.Debug|x64.Build.0 = Debug|Any CPU
		{9E0B71B5-29C6-4607-8DD0-C0CEB9C2E4D6}.Debug|x86.ActiveCfg = Debug|Any CPU
		{9E0B71B5-29C6-4607-8DD0-C0CEB9C2E4D6}.Debug|x86.Build.0 = Debug|Any CPU
		{9E0B71B5-29C6-4607-8DD0-C0CEB9C2E4D6}.Release|Any CPU.ActiveCfg = Release|Any CPU
		{9E0B71B5-29C6-4607-8DD0-C0CEB9C2E4D6}.Release|Any CPU.Build.0 = Release|Any CPU
		{9E0B71B5-29C6-4607-8DD0-C0CEB9C2E4D6}.Release|x64.ActiveCfg = Release|Any CPU
		{9E0B71B5-29C6-4607-8DD0-C0CEB9C2E4D6}.Release|x64.Build.0 = Release|Any CPU
		{9E0B71B5-29C6-4607-8DD0-C0CEB9C2E4D6}.Release|x86.ActiveCfg = Release|Any CPU
		{9E0B71B5-29C6-4607-8DD0-C0CEB9C2E4D6}.Release|x86.Build.0 = Release|Any CPU
	EndGlobalSection
	GlobalSection(SolutionProperties) = preSolution
		HideSolutionNode = FALSE
	EndGlobalSection
	GlobalSection(ExtensibilityGlobals) = postSolution
		SolutionGuid = {210271B3-7C4E-4E7B-929F-23873411977A}
	EndGlobalSection
EndGlobal
